# This file is automatically @generated by Cargo.
# It is not intended for manual editing.
version = 3

[[package]]
name = "arbitrary"
version = "1.2.0"
source = "registry+https://github.com/rust-lang/crates.io-index"
checksum = "29d47fbf90d5149a107494b15a7dc8d69b351be2db3bb9691740e88ec17fd880"

[[package]]
name = "asn1"
version = "0.1.0"
dependencies = [
 "asn1 0.12.3",
 "honggfuzz",
 "simple_asn1",
 "yasna",
]

[[package]]
name = "asn1"
version = "0.12.3"
source = "registry+https://github.com/rust-lang/crates.io-index"
checksum = "a53789014a5231ee21e6af6d89d42680d73db33ad2ec83ee6fad801249432bad"
dependencies = [
 "asn1_derive",
 "chrono",
]

[[package]]
name = "asn1_derive"
version = "0.12.3"
source = "registry+https://github.com/rust-lang/crates.io-index"
checksum = "d9a08da126b90ce7a577f8e6986513dea0243c114d7d5d88abece6168b0823db"
dependencies = [
 "proc-macro2",
 "quote",
 "syn",
]

[[package]]
name = "autocfg"
version = "1.1.0"
source = "registry+https://github.com/rust-lang/crates.io-index"
checksum = "d468802bab17cbc0cc575e9b053f41e72aa36bfa6b7f55e3529ffa43161b97fa"

[[package]]
name = "chrono"
version = "0.4.23"
source = "registry+https://github.com/rust-lang/crates.io-index"
checksum = "16b0a3d9ed01224b22057780a37bb8c5dbfe1be8ba48678e7bf57ec4b385411f"
dependencies = [
 "num-integer",
 "num-traits",
]

[[package]]
name = "honggfuzz"
version = "0.5.55"
source = "registry+https://github.com/rust-lang/crates.io-index"
checksum = "848e9c511092e0daa0a35a63e8e6e475a3e8f870741448b9f6028d69b142f18e"
dependencies = [
 "arbitrary",
 "lazy_static",
 "memmap2",
 "rustc_version",
]

[[package]]
name = "itoa"
version = "1.0.4"
source = "registry+https://github.com/rust-lang/crates.io-index"
checksum = "4217ad341ebadf8d8e724e264f13e593e0648f5b3e94b3896a5df283be015ecc"

[[package]]
name = "lazy_static"
version = "1.4.0"
source = "registry+https://github.com/rust-lang/crates.io-index"
checksum = "e2abad23fbc42b3700f2f279844dc832adb2b2eb069b2df918f455c4e18cc646"

[[package]]
name = "libc"
version = "0.2.137"
source = "registry+https://github.com/rust-lang/crates.io-index"
checksum = "fc7fcc620a3bff7cdd7a365be3376c97191aeaccc2a603e600951e452615bf89"

[[package]]
name = "memmap2"
version = "0.5.8"
source = "registry+https://github.com/rust-lang/crates.io-index"
checksum = "4b182332558b18d807c4ce1ca8ca983b34c3ee32765e47b3f0f69b90355cc1dc"
dependencies = [
 "libc",
]

[[package]]
name = "num-bigint"
version = "0.4.3"
source = "registry+https://github.com/rust-lang/crates.io-index"
checksum = "f93ab6289c7b344a8a9f60f88d80aa20032336fe78da341afc91c8a2341fc75f"
dependencies = [
 "autocfg",
 "num-integer",
 "num-traits",
]

[[package]]
name = "num-integer"
version = "0.1.45"
source = "registry+https://github.com/rust-lang/crates.io-index"
checksum = "225d3389fb3509a24c93f5c29eb6bde2586b98d9f016636dff58d7c6f7569cd9"
dependencies = [
 "autocfg",
 "num-traits",
]

[[package]]
name = "num-traits"
version = "0.2.15"
source = "registry+https://github.com/rust-lang/crates.io-index"
checksum = "578ede34cf02f8924ab9447f50c28075b4d3e5b269972345e7e0372b38c6cdcd"
dependencies = [
 "autocfg",
]

[[package]]
name = "proc-macro2"
version = "1.0.47"
source = "registry+https://github.com/rust-lang/crates.io-index"
checksum = "5ea3d908b0e36316caf9e9e2c4625cdde190a7e6f440d794667ed17a1855e725"
dependencies = [
 "unicode-ident",
]

[[package]]
name = "quote"
version = "1.0.21"
source = "registry+https://github.com/rust-lang/crates.io-index"
checksum = "bbe448f377a7d6961e30f5955f9b8d106c3f5e449d493ee1b125c1d43c2b5179"
dependencies = [
 "proc-macro2",
]

[[package]]
name = "rustc_version"
version = "0.4.0"
source = "registry+https://github.com/rust-lang/crates.io-index"
checksum = "bfa0f585226d2e68097d4f95d113b15b83a82e819ab25717ec0590d9584ef366"
dependencies = [
 "semver",
]

[[package]]
name = "semver"
version = "1.0.14"
source = "registry+https://github.com/rust-lang/crates.io-index"
checksum = "e25dfac463d778e353db5be2449d1cce89bd6fd23c9f1ea21310ce6e5a1b29c4"

[[package]]
name = "serde"
version = "1.0.147"
source = "registry+https://github.com/rust-lang/crates.io-index"
checksum = "d193d69bae983fc11a79df82342761dfbf28a99fc8d203dca4c3c1b590948965"

[[package]]
name = "simple_asn1"
version = "0.6.2"
source = "registry+https://github.com/rust-lang/crates.io-index"
checksum = "adc4e5204eb1910f40f9cfa375f6f05b68c3abac4b6fd879c8ff5e7ae8a0a085"
dependencies = [
 "num-bigint",
 "num-traits",
 "thiserror",
 "time",
]

[[package]]
name = "syn"
version = "1.0.103"
source = "registry+https://github.com/rust-lang/crates.io-index"
checksum = "a864042229133ada95abf3b54fdc62ef5ccabe9515b64717bcb9a1919e59445d"
dependencies = [
 "proc-macro2",
 "quote",
 "unicode-ident",
]

[[package]]
name = "thiserror"
version = "1.0.37"
source = "registry+https://github.com/rust-lang/crates.io-index"
checksum = "10deb33631e3c9018b9baf9dcbbc4f737320d2b576bac10f6aefa048fa407e3e"
dependencies = [
 "thiserror-impl",
]

[[package]]
name = "thiserror-impl"
version = "1.0.37"
source = "registry+https://github.com/rust-lang/crates.io-index"
checksum = "982d17546b47146b28f7c22e3d08465f6b8903d0ea13c1660d9d84a6e7adcdbb"
dependencies = [
 "proc-macro2",
 "quote",
 "syn",
]

[[package]]
name = "time"
version = "0.3.17"
source = "registry+https://github.com/rust-lang/crates.io-index"
checksum = "a561bf4617eebd33bca6434b988f39ed798e527f51a1e797d0ee4f61c0a38376"
dependencies = [
 "itoa",
 "serde",
 "time-core",
 "time-macros",
]

[[package]]
name = "time-core"
version = "0.1.0"
source = "registry+https://github.com/rust-lang/crates.io-index"
checksum = "2e153e1f1acaef8acc537e68b44906d2db6436e2b35ac2c6b42640fff91f00fd"

[[package]]
name = "time-macros"
version = "0.2.6"
source = "registry+https://github.com/rust-lang/crates.io-index"
checksum = "d967f99f534ca7e495c575c62638eebc2898a8c84c119b89e250477bc4ba16b2"
dependencies = [
 "time-core",
]

[[package]]
name = "unicode-ident"
version = "1.0.5"
source = "registry+https://github.com/rust-lang/crates.io-index"
checksum = "6ceab39d59e4c9499d4e5a8ee0e2735b891bb7308ac83dfb4e80cad195c9f6f3"

[[package]]
name = "yasna"
version = "0.5.0"
source = "registry+https://github.com/rust-lang/crates.io-index"
checksum = "346d34a236c9d3e5f3b9b74563f238f955bbd05fa0b8b4efa53c130c43982f4c"
